
Microsoft Visual Studio Solution File, Format Version 12.00
# Visual Studio 15
VisualStudioVersion = 15.0.27004.2006
MinimumVisualStudioVersion = 10.0.40219.1
Project("{8BC9CEB8-8B4A-11D0-8D11-00A0C91BC942}") = "Smok", "Smok\Smok.vcxproj", "{6BEF9733-E8D2-4885-A497-EB3BBB109656}"
EndProject
Global
	GlobalSection(SolutionConfigurationPlatforms) = preSolution
		Debug|x64 = Debug|x64
		Debug|x86 = Debug|x86
		Release|x64 = Release|x64
		Release|x86 = Release|x86
	EndGlobalSection
	GlobalSection(ProjectConfigurationPlatforms) = postSolution
		{6BEF9733-E8D2-4885-A497-EB3BBB109656}.Debug|x64.ActiveCfg = Debug|x64
		{6BEF9733-E8D2-4885-A497-EB3BBB109656}.Debug|x64.Build.0 = Debug|x64
		{6BEF9733-E8D2-4885-A497-EB3BBB109656}.Debug|x86.ActiveCfg = Debug|Win32
		{6BEF9733-E8D2-4885-A497-EB3BBB109656}.Debug|x86.Build.0 = Debug|Win32
		{6BEF9733-E8D2-4885-A497-EB3BBB109656}.Release|x64.ActiveCfg = Release|x64
		{6BEF9733-E8D2-4885-A497-EB3BBB109656}.Release|x64.Build.0 = Release|x64
		{6BEF9733-E8D2-4885-A497-EB3BBB109656}.Release|x86.ActiveCfg = Release|Win32
		{6BEF9733-E8D2-4885-A497-EB3BBB109656}.Release|x86.Build.0 = Release|Win32
	EndGlobalSection
	GlobalSection(SolutionProperties) = preSolution
		HideSolutionNode = FALSE
	EndGlobalSection
	GlobalSection(ExtensibilityGlobals) = postSolution
		SolutionGuid = {DF81ADB3-5D0B-4B52-B61C-BC620DE68624}
	EndGlobalSection
EndGlobal
